
Microsoft Visual Studio Solution File, Format Version 11.00
# Visual Studio 2010
Project("{FAE04EC0-301F-11D3-BF4B-00C04F79EFBC}") = "KB9Utility", "KB9Utility\KB9Utility.csproj", "{4802A6C8-DC3C-48CD-A4DC-F157F62811CC}"
EndProject
Global
	GlobalSection(SolutionConfigurationPlatforms) = preSolution
		Debug|Any CPU = Debug|Any CPU
		Debug|Mixed Platforms = Debug|Mixed Platforms
		Debug|Win32 = Debug|Win32
		Release|Any CPU = Release|Any CPU
		Release|Mixed Platforms = Release|Mixed Platforms
		Release|Win32 = Release|Win32
	EndGlobalSection
	GlobalSection(ProjectConfigurationPlatforms) = postSolution
		{4802A6C8-DC3C-48CD-A4DC-F157F62811CC}.Debug|Any CPU.ActiveCfg = Debug|Any CPU
		{4802A6C8-DC3C-48CD-A4DC-F157F62811CC}.Debug|Any CPU.Build.0 = Debug|Any CPU
		{4802A6C8-DC3C-48CD-A4DC-F157F62811CC}.Debug|Mixed Platforms.ActiveCfg = Debug|Any CPU
		{4802A6C8-DC3C-48CD-A4DC-F157F62811CC}.Debug|Mixed Platforms.Build.0 = Debug|Any CPU
		{4802A6C8-DC3C-48CD-A4DC-F157F62811CC}.Debug|Win32.ActiveCfg = Debug|Any CPU
		{4802A6C8-DC3C-48CD-A4DC-F157F62811CC}.Release|Any CPU.ActiveCfg = Release|Any CPU
		{4802A6C8-DC3C-48CD-A4DC-F157F62811CC}.Release|Any CPU.Build.0 = Release|Any CPU
		{4802A6C8-DC3C-48CD-A4DC-F157F62811CC}.Release|Mixed Platforms.ActiveCfg = Release|Any CPU
		{4802A6C8-DC3C-48CD-A4DC-F157F62811CC}.Release|Mixed Platforms.Build.0 = Release|Any CPU
		{4802A6C8-DC3C-48CD-A4DC-F157F62811CC}.Release|Win32.ActiveCfg = Release|Any CPU
	EndGlobalSection
	GlobalSection(SolutionProperties) = preSolution
		HideSolutionNode = FALSE
	EndGlobalSection
EndGlobal
